{
  "nodes": {
    "alice-lg": {
      "inputs": {
        "flake-utils": [
          "flake-utils"
        ],
        "nixpkgs": [
          "nixpkgs"
        ]
      },
      "locked": {
        "lastModified": 1763769186,
        "narHash": "sha256-p3EBcNgxb/t1TvdDRlxgQNcuSCPc73CMAdz1mZF3Ozc=",
        "owner": "MarcelCoding",
        "repo": "alice-lg",
        "rev": "054ea3fddd9d56941cb4caae56268240dacadc9d",
        "type": "github"
      },
      "original": {
        "owner": "MarcelCoding",
        "ref": "vite",
        "repo": "alice-lg",
        "type": "github"
      }
    },
    "authentik": {
      "inputs": {
        "authentik-go": "authentik-go",
        "authentik-src": "authentik-src",
        "flake-compat": "flake-compat",
        "flake-parts": "flake-parts",
        "flake-utils": [
          "flake-utils"
        ],
        "napalm": "napalm",
        "nixpkgs": [
          "nixpkgs"
        ],
        "pyproject-build-systems": "pyproject-build-systems",
        "pyproject-nix": "pyproject-nix",
        "systems": "systems",
        "uv2nix": "uv2nix"
      },
      "locked": {
        "lastModified": 1770931530,
        "narHash": "sha256-g6FXanv0FlUc7eWFJ9C5g9ZbMtWA8dSNGwx0mia3uyA=",
        "owner": "nix-community",
        "repo": "authentik-nix",
        "rev": "0487b4db05bddbd8d163f3fd85eef9c9413dca11",
        "type": "github"
      },
      "original": {
        "owner": "nix-community",
        "repo": "authentik-nix",
        "type": "github"
      }
    },
    "authentik-go": {
      "flake": false,
      "locked": {
        "lastModified": 1770333754,
        "narHash": "sha256-Yyna75Nd6485tZP9IpdEa5QNomswe9hRfM+w3MuET9E=",
        "owner": "goauthentik",
        "repo": "client-go",
        "rev": "280022b0a8de5c8f4b2965d1147a1c4fa846ba64",
        "type": "github"
      },
      "original": {
        "owner": "goauthentik",
        "repo": "client-go",
        "type": "github"
      }
    },
    "authentik-src": {
      "flake": false,
      "locked": {
        "lastModified": 1770911230,
        "narHash": "sha256-alTyrMBbjZbw4jhEna8saabf93sqSrZCu+Z5xH3pZ7M=",
        "owner": "goauthentik",
        "repo": "authentik",
        "rev": "19ad8d3ae3f266ec1096bc4461fdf6bcda1aa079",
        "type": "github"
      },
      "original": {
        "owner": "goauthentik",
        "ref": "version/2025.12.4",
        "repo": "authentik",
        "type": "github"
      }
    },
    "ddix-ansible-ixp": {
      "inputs": {
        "flake-utils": [
          "flake-utils"
        ],
        "nixpkgs": [
          "nixpkgs"
        ]
      },
      "locked": {
        "lastModified": 1762876086,
        "narHash": "sha256-XJXt3EGMyfTCFbF82Ar/cPNuOHty0xSp/+TAyx9p7c4=",
        "owner": "dd-ix",
        "repo": "ddix-ansible-ixp",
        "rev": "e7b92ef6594fc258675f6d62a4b251c8b7117eae",
        "type": "github"
      },
      "original": {
        "owner": "dd-ix",
        "repo": "ddix-ansible-ixp",
        "type": "github"
      }
    },
    "flake-compat": {
      "flake": false,
      "locked": {
        "lastModified": 1765121682,
        "narHash": "sha256-4VBOP18BFeiPkyhy9o4ssBNQEvfvv1kXkasAYd0+rrA=",
        "owner": "edolstra",
        "repo": "flake-compat",
        "rev": "65f23138d8d09a92e30f1e5c87611b23ef451bf3",
        "type": "github"
      },
      "original": {
        "owner": "edolstra",
        "repo": "flake-compat",
        "type": "github"
      }
    },
    "flake-parts": {
      "inputs": {
        "nixpkgs-lib": "nixpkgs-lib"
      },
      "locked": {
        "lastModified": 1765835352,
        "narHash": "sha256-XswHlK/Qtjasvhd1nOa1e8MgZ8GS//jBoTqWtrS1Giw=",
        "owner": "hercules-ci",
        "repo": "flake-parts",
        "rev": "a34fae9c08a15ad73f295041fec82323541400a9",
        "type": "github"
      },
      "original": {
        "owner": "hercules-ci",
        "repo": "flake-parts",
        "type": "github"
      }
    },
    "flake-utils": {
      "inputs": {
        "systems": "systems_2"
      },
      "locked": {
        "lastModified": 1731533236,
        "narHash": "sha256-l0KFg5HjrsfsO/JpG+r7fRrqm12kzFHyUHqHCVpMMbI=",
        "owner": "numtide",
        "repo": "flake-utils",
        "rev": "11707dc2f618dd54ca8739b309ec4fc024de578b",
        "type": "github"
      },
      "original": {
        "owner": "numtide",
        "repo": "flake-utils",
        "type": "github"
      }
    },
    "grafana2matrix": {
      "inputs": {
        "flake-utils": [
          "flake-utils"
        ],
        "nixpkgs": [
          "nixpkgs"
        ]
      },
      "locked": {
        "lastModified": 1771083793,
        "narHash": "sha256-72MtoO0UT9vSsH1kq5AToXx3KMBAvURlOtbD5z/2I4A=",
        "owner": "cyanPaperclip",
        "repo": "grafana2matrix",
        "rev": "f9034de070d67949a2c6752b4cd448929d70e994",
        "type": "github"
      },
      "original": {
        "owner": "cyanPaperclip",
        "repo": "grafana2matrix",
        "type": "github"
      }
    },
    "ixp-manager": {
      "inputs": {
        "flake-utils": [
          "flake-utils"
        ],
        "nixpkgs": [
          "nixpkgs"
        ]
      },
      "locked": {
        "lastModified": 1757003984,
        "narHash": "sha256-liWoNw/DOYb3U4J1BQyCvgLaIRnYrWqBAQQx9G0jaHI=",
        "owner": "dd-ix",
        "repo": "ixp-manager.nix",
        "rev": "8ab71a81a1401fb5995c4c7356e6fc890a808baf",
        "type": "github"
      },
      "original": {
        "owner": "dd-ix",
        "repo": "ixp-manager.nix",
        "type": "github"
      }
    },
    "microvm": {
      "inputs": {
        "nixpkgs": [
          "nixpkgs"
        ],
        "spectrum": "spectrum"
      },
      "locked": {
        "lastModified": 1770310890,
        "narHash": "sha256-lyWAs4XKg3kLYaf4gm5qc5WJrDkYy3/qeV5G733fJww=",
        "owner": "astro",
        "repo": "microvm.nix",
        "rev": "68c9f9c6ca91841f04f726a298c385411b7bfcd5",
        "type": "github"
      },
      "original": {
        "owner": "astro",
        "repo": "microvm.nix",
        "type": "github"
      }
    },
    "napalm": {
      "inputs": {
        "flake-utils": [
          "authentik",
          "flake-utils"
        ],
        "nixpkgs": [
          "authentik",
          "nixpkgs"
        ]
      },
      "locked": {
        "lastModified": 1725806412,
        "narHash": "sha256-lGZjkjds0p924QEhm/r0BhAxbHBJE1xMOldB/HmQH04=",
        "owner": "willibutz",
        "repo": "napalm",
        "rev": "b492440d9e64ae20736d3bec5c7715ffcbde83f5",
        "type": "github"
      },
      "original": {
        "owner": "willibutz",
        "ref": "avoid-foldl-stack-overflow",
        "repo": "napalm",
        "type": "github"
      }
    },
    "nixos-modules": {
      "inputs": {
        "flake-utils": [
          "flake-utils"
        ],
        "nixpkgs": [
          "nixpkgs"
        ]
      },
      "locked": {
        "lastModified": 1769643685,
        "narHash": "sha256-F0Ey/SpMah0BRsz9hWNb89NMS4kvF9Q1Ex2EciWJzzM=",
        "owner": "NuschtOS",
        "repo": "nixos-modules",
        "rev": "4a2307f709f3abab9935dc8c455212fdcbe13795",
        "type": "github"
      },
      "original": {
        "owner": "NuschtOS",
        "repo": "nixos-modules",
        "type": "github"
      }
    },
    "nixpkgs": {
      "locked": {
        "lastModified": 1771274943,
        "narHash": "sha256-8zpcYBKLkZ/L0dI+2ZdkVdQJ4hlQI6DZee9CnXkHf4Q=",
        "owner": "NuschtOS",
        "repo": "nuschtpkgs",
        "rev": "268ff5e5fb332344f7350efced85890957257f8e",
        "type": "github"
      },
      "original": {
        "owner": "NuschtOS",
        "ref": "backports-25.11",
        "repo": "nuschtpkgs",
        "type": "github"
      }
    },
    "nixpkgs-lib": {
      "locked": {
        "lastModified": 1765674936,
        "narHash": "sha256-k00uTP4JNfmejrCLJOwdObYC9jHRrr/5M/a/8L2EIdo=",
        "owner": "nix-community",
        "repo": "nixpkgs.lib",
        "rev": "2075416fcb47225d9b68ac469a5c4801a9c4dd85",
        "type": "github"
      },
      "original": {
        "owner": "nix-community",
        "repo": "nixpkgs.lib",
        "type": "github"
      }
    },
    "post": {
      "inputs": {
        "flake-utils": [
          "flake-utils"
        ],
        "nixpkgs": [
          "nixpkgs"
        ]
      },
      "locked": {
        "lastModified": 1745253513,
        "narHash": "sha256-39Fafr62VvNIvLN3s4gsOnC3qgNREjz34vnU+XqD9zE=",
        "owner": "dd-ix",
        "repo": "post",
        "rev": "7bb3c3017c3bb51cab7ee5e6c267c618e60e54df",
        "type": "github"
      },
      "original": {
        "owner": "dd-ix",
        "repo": "post",
        "type": "github"
      }
    },
    "pyproject-build-systems": {
      "inputs": {
        "nixpkgs": [
          "authentik",
          "nixpkgs"
        ],
        "pyproject-nix": [
          "authentik",
          "pyproject-nix"
        ],
        "uv2nix": [
          "authentik",
          "uv2nix"
        ]
      },
      "locked": {
        "lastModified": 1763662255,
        "narHash": "sha256-4bocaOyLa3AfiS8KrWjZQYu+IAta05u3gYZzZ6zXbT0=",
        "owner": "pyproject-nix",
        "repo": "build-system-pkgs",
        "rev": "042904167604c681a090c07eb6967b4dd4dae88c",
        "type": "github"
      },
      "original": {
        "owner": "pyproject-nix",
        "repo": "build-system-pkgs",
        "type": "github"
      }
    },
    "pyproject-nix": {
      "inputs": {
        "nixpkgs": [
          "authentik",
          "nixpkgs"
        ]
      },
      "locked": {
        "lastModified": 1764134915,
        "narHash": "sha256-xaKvtPx6YAnA3HQVp5LwyYG1MaN4LLehpQI8xEdBvBY=",
        "owner": "pyproject-nix",
        "repo": "pyproject.nix",
        "rev": "2c8df1383b32e5443c921f61224b198a2282a657",
        "type": "github"
      },
      "original": {
        "owner": "pyproject-nix",
        "repo": "pyproject.nix",
        "type": "github"
      }
    },
    "root": {
      "inputs": {
        "alice-lg": "alice-lg",
        "authentik": "authentik",
        "ddix-ansible-ixp": "ddix-ansible-ixp",
        "flake-utils": "flake-utils",
        "grafana2matrix": "grafana2matrix",
        "ixp-manager": "ixp-manager",
        "microvm": "microvm",
        "nixos-modules": "nixos-modules",
        "nixpkgs": "nixpkgs",
        "post": "post",
        "sflow-exporter": "sflow-exporter",
        "sops-nix": "sops-nix",
        "website": "website",
        "website-content": "website-content",
        "website-content-api": "website-content-api"
      }
    },
    "sflow-exporter": {
      "inputs": {
        "flake-utils": [
          "flake-utils"
        ],
        "nixpkgs": [
          "nixpkgs"
        ]
      },
      "locked": {
        "lastModified": 1769700603,
        "narHash": "sha256-CPMMLaDCCWtZ5VF2W0/9gzCMRKuLX94KJudYEBkPwMs=",
        "owner": "dd-ix",
        "repo": "sflow_exporter",
        "rev": "9f54c1e0c3154ed57576c2414b28806d29f5b1fe",
        "type": "github"
      },
      "original": {
        "owner": "dd-ix",
        "repo": "sflow_exporter",
        "type": "github"
      }
    },
    "sops-nix": {
      "inputs": {
        "nixpkgs": [
          "nixpkgs"
        ]
      },
      "locked": {
        "lastModified": 1771166946,
        "narHash": "sha256-UFc4lfGBr+wJmwgDGJDn1cVD6DTr0/8TdronNUiyXlU=",
        "owner": "mic92",
        "repo": "sops-nix",
        "rev": "2d0cf89b4404529778bc82de7e42b5754e0fe4fa",
        "type": "github"
      },
      "original": {
        "owner": "mic92",
        "repo": "sops-nix",
        "type": "github"
      }
    },
    "spectrum": {
      "flake": false,
      "locked": {
        "lastModified": 1759482047,
        "narHash": "sha256-H1wiXRQHxxPyMMlP39ce3ROKCwI5/tUn36P8x6dFiiQ=",
        "ref": "refs/heads/main",
        "rev": "c5d5786d3dc938af0b279c542d1e43bce381b4b9",
        "revCount": 996,
        "type": "git",
        "url": "https://spectrum-os.org/git/spectrum"
      },
      "original": {
        "type": "git",
        "url": "https://spectrum-os.org/git/spectrum"
      }
    },
    "systems": {
      "locked": {
        "lastModified": 1689347949,
        "narHash": "sha256-12tWmuL2zgBgZkdoB6qXZsgJEH9LR3oUgpaQq2RbI80=",
        "owner": "nix-systems",
        "repo": "default-linux",
        "rev": "31732fcf5e8fea42e59c2488ad31a0e651500f68",
        "type": "github"
      },
      "original": {
        "owner": "nix-systems",
        "repo": "default-linux",
        "type": "github"
      }
    },
    "systems_2": {
      "locked": {
        "lastModified": 1681028828,
        "narHash": "sha256-Vy1rq5AaRuLzOxct8nz4T6wlgyUR7zLU309k9mBC768=",
        "owner": "nix-systems",
        "repo": "default",
        "rev": "da67096a3b9bf56a91d16901293e51ba5b49a27e",
        "type": "github"
      },
      "original": {
        "owner": "nix-systems",
        "repo": "default",
        "type": "github"
      }
    },
    "uv2nix": {
      "inputs": {
        "nixpkgs": [
          "authentik",
          "nixpkgs"
        ],
        "pyproject-nix": [
          "authentik",
          "pyproject-nix"
        ]
      },
      "locked": {
        "lastModified": 1765631794,
        "narHash": "sha256-90d//IZ4GXipNsngO4sb2SAPbIC/a2P+IAdAWOwpcOM=",
        "owner": "pyproject-nix",
        "repo": "uv2nix",
        "rev": "4cca323a547a1aaa9b94929c4901bed5343eafe8",
        "type": "github"
      },
      "original": {
        "owner": "pyproject-nix",
        "repo": "uv2nix",
        "type": "github"
      }
    },
    "website": {
      "inputs": {
        "flake-utils": [
          "flake-utils"
        ],
        "nixpkgs": [
          "nixpkgs"
        ]
      },
      "locked": {
        "lastModified": 1765794980,
        "narHash": "sha256-n9/+yp5rRmm7j4C50hQ/pFCwSWLp5syqu5P4LKud6/Q=",
        "owner": "dd-ix",
        "repo": "website",
        "rev": "8d309daae0d08540fb3877d616b82ab47cd4e920",
        "type": "github"
      },
      "original": {
        "owner": "dd-ix",
        "repo": "website",
        "type": "github"
      }
    },
    "website-content": {
      "flake": false,
      "locked": {
        "lastModified": 1770138397,
        "narHash": "sha256-ikDfXCApxdrzAYNRx2VEB9LtniFx9wmTOlveNpuYtSM=",
        "owner": "dd-ix",
        "repo": "website-content",
        "rev": "c2380797092c4dcd433cad813db7bb76757a5f8c",
        "type": "github"
      },
      "original": {
        "owner": "dd-ix",
        "repo": "website-content",
        "type": "github"
      }
    },
    "website-content-api": {
      "inputs": {
        "flake-utils": [
          "flake-utils"
        ],
        "nixpkgs": [
          "nixpkgs"
        ]
      },
      "locked": {
        "lastModified": 1764156230,
        "narHash": "sha256-sKkyU6zhWtEIzHGVvPO5hYYnKprQ/IpvV93Mab1mVO8=",
        "owner": "dd-ix",
        "repo": "website-content-api",
        "rev": "d72d166fa88d2e5608f0b9e99752809fca04d721",
        "type": "github"
      },
      "original": {
        "owner": "dd-ix",
        "repo": "website-content-api",
        "type": "github"
      }
    }
  },
  "root": "root",
  "version": 7
}
