{
  "nodes": {
    "alice-lg": {
      "inputs": {
        "flake-utils": [
          "flake-utils"
        ],
        "nixpkgs": [
          "nixpkgs"
        ]
      },
      "locked": {
        "lastModified": 1756819672,
        "narHash": "sha256-oJujxluoeWcrosWggb1ZlkeOUwcn6zhKxZ/LmpeQwzE=",
        "owner": "MarcelCoding",
        "repo": "alice-lg",
        "rev": "4962f90869a56c0715df4e29e4cbadd26e41b92f",
        "type": "github"
      },
      "original": {
        "owner": "MarcelCoding",
        "ref": "vite",
        "repo": "alice-lg",
        "type": "github"
      }
    },
    "authentik": {
      "inputs": {
        "authentik-src": "authentik-src",
        "flake-compat": "flake-compat",
        "flake-parts": "flake-parts",
        "flake-utils": [
          "flake-utils"
        ],
        "napalm": "napalm",
        "nixpkgs": [
          "nixpkgs"
        ],
        "pyproject-build-systems": "pyproject-build-systems",
        "pyproject-nix": "pyproject-nix",
        "systems": "systems",
        "uv2nix": "uv2nix"
      },
      "locked": {
        "lastModified": 1758177015,
        "narHash": "sha256-PCUWdbaxayY3YfSjVlyddBMYoGvSaRysd5AmZ8gqSFs=",
        "owner": "nix-community",
        "repo": "authentik-nix",
        "rev": "4c626ed84cc0f1278bfba0f534efd6cba2788d75",
        "type": "github"
      },
      "original": {
        "owner": "nix-community",
        "repo": "authentik-nix",
        "type": "github"
      }
    },
    "authentik-src": {
      "flake": false,
      "locked": {
        "lastModified": 1758035356,
        "narHash": "sha256-DkvxDwHCfSqEpZ9rRXNR8MP0Mz/y1kHAr38exrHQ39c=",
        "owner": "goauthentik",
        "repo": "authentik",
        "rev": "680feaefa17934471a6b33ebc35caf5b64120404",
        "type": "github"
      },
      "original": {
        "owner": "goauthentik",
        "ref": "version/2025.8.3",
        "repo": "authentik",
        "type": "github"
      }
    },
    "ddix-ansible-ixp": {
      "inputs": {
        "flake-utils": [
          "flake-utils"
        ],
        "nixpkgs": [
          "nixpkgs"
        ]
      },
      "locked": {
        "lastModified": 1753912105,
        "narHash": "sha256-HQiH60UIHiyQpYEWG5kspIxsz0lc6udrxXAnbdzZl6M=",
        "owner": "dd-ix",
        "repo": "ddix-ansible-ixp",
        "rev": "42f81384842ccce2136cc2bc9ebf34e494618cad",
        "type": "github"
      },
      "original": {
        "owner": "dd-ix",
        "repo": "ddix-ansible-ixp",
        "type": "github"
      }
    },
    "flake-compat": {
      "flake": false,
      "locked": {
        "lastModified": 1747046372,
        "narHash": "sha256-CIVLLkVgvHYbgI2UpXvIIBJ12HWgX+fjA8Xf8PUmqCY=",
        "owner": "edolstra",
        "repo": "flake-compat",
        "rev": "9100a0f413b0c601e0533d1d94ffd501ce2e7885",
        "type": "github"
      },
      "original": {
        "owner": "edolstra",
        "repo": "flake-compat",
        "type": "github"
      }
    },
    "flake-parts": {
      "inputs": {
        "nixpkgs-lib": "nixpkgs-lib"
      },
      "locked": {
        "lastModified": 1756770412,
        "narHash": "sha256-+uWLQZccFHwqpGqr2Yt5VsW/PbeJVTn9Dk6SHWhNRPw=",
        "owner": "hercules-ci",
        "repo": "flake-parts",
        "rev": "4524271976b625a4a605beefd893f270620fd751",
        "type": "github"
      },
      "original": {
        "owner": "hercules-ci",
        "repo": "flake-parts",
        "type": "github"
      }
    },
    "flake-utils": {
      "inputs": {
        "systems": "systems_2"
      },
      "locked": {
        "lastModified": 1731533236,
        "narHash": "sha256-l0KFg5HjrsfsO/JpG+r7fRrqm12kzFHyUHqHCVpMMbI=",
        "owner": "numtide",
        "repo": "flake-utils",
        "rev": "11707dc2f618dd54ca8739b309ec4fc024de578b",
        "type": "github"
      },
      "original": {
        "owner": "numtide",
        "repo": "flake-utils",
        "type": "github"
      }
    },
    "ixp-manager": {
      "inputs": {
        "flake-utils": [
          "flake-utils"
        ],
        "nixpkgs": [
          "nixpkgs"
        ]
      },
      "locked": {
        "lastModified": 1757003984,
        "narHash": "sha256-liWoNw/DOYb3U4J1BQyCvgLaIRnYrWqBAQQx9G0jaHI=",
        "owner": "dd-ix",
        "repo": "ixp-manager.nix",
        "rev": "8ab71a81a1401fb5995c4c7356e6fc890a808baf",
        "type": "github"
      },
      "original": {
        "owner": "dd-ix",
        "repo": "ixp-manager.nix",
        "type": "github"
      }
    },
    "microvm": {
      "inputs": {
        "flake-utils": [
          "flake-utils"
        ],
        "nixpkgs": [
          "nixpkgs"
        ],
        "spectrum": "spectrum"
      },
      "locked": {
        "lastModified": 1758113222,
        "narHash": "sha256-Q5i/qaj6v6F4N1Q5gI/4aL0IEEUE/LjQuwcA8L5IOMc=",
        "owner": "astro",
        "repo": "microvm.nix",
        "rev": "b9206e245c07c0782beff58e1e94bb48b2531d15",
        "type": "github"
      },
      "original": {
        "owner": "astro",
        "repo": "microvm.nix",
        "type": "github"
      }
    },
    "napalm": {
      "inputs": {
        "flake-utils": [
          "authentik",
          "flake-utils"
        ],
        "nixpkgs": [
          "authentik",
          "nixpkgs"
        ]
      },
      "locked": {
        "lastModified": 1725806412,
        "narHash": "sha256-lGZjkjds0p924QEhm/r0BhAxbHBJE1xMOldB/HmQH04=",
        "owner": "willibutz",
        "repo": "napalm",
        "rev": "b492440d9e64ae20736d3bec5c7715ffcbde83f5",
        "type": "github"
      },
      "original": {
        "owner": "willibutz",
        "ref": "avoid-foldl-stack-overflow",
        "repo": "napalm",
        "type": "github"
      }
    },
    "nixos-modules": {
      "inputs": {
        "flake-utils": [
          "flake-utils"
        ],
        "nixpkgs": [
          "nixpkgs"
        ]
      },
      "locked": {
        "lastModified": 1758491230,
        "narHash": "sha256-hel/ZQo5HGn5pwavnsDcCcEuGeTQX5VH+kfCdJXO/7o=",
        "owner": "NuschtOS",
        "repo": "nixos-modules",
        "rev": "596c16bbfa9fcc3e16b15bf941ffa19dc8bdfdab",
        "type": "github"
      },
      "original": {
        "owner": "NuschtOS",
        "repo": "nixos-modules",
        "type": "github"
      }
    },
    "nixpkgs": {
      "locked": {
        "lastModified": 1758725551,
        "narHash": "sha256-TSzRV04rfqtmJ7IzNOQh4ZjtNIbV8hK59l3k2M1SOpg=",
        "owner": "NuschtOS",
        "repo": "nuschtpkgs",
        "rev": "2e06fb1642389c3f7d7ca8796a18c9518bae9697",
        "type": "github"
      },
      "original": {
        "owner": "NuschtOS",
        "ref": "backports-25.05",
        "repo": "nuschtpkgs",
        "type": "github"
      }
    },
    "nixpkgs-lib": {
      "locked": {
        "lastModified": 1754788789,
        "narHash": "sha256-x2rJ+Ovzq0sCMpgfgGaaqgBSwY+LST+WbZ6TytnT9Rk=",
        "owner": "nix-community",
        "repo": "nixpkgs.lib",
        "rev": "a73b9c743612e4244d865a2fdee11865283c04e6",
        "type": "github"
      },
      "original": {
        "owner": "nix-community",
        "repo": "nixpkgs.lib",
        "type": "github"
      }
    },
    "post": {
      "inputs": {
        "flake-utils": [
          "flake-utils"
        ],
        "nixpkgs": [
          "nixpkgs"
        ]
      },
      "locked": {
        "lastModified": 1745253513,
        "narHash": "sha256-39Fafr62VvNIvLN3s4gsOnC3qgNREjz34vnU+XqD9zE=",
        "owner": "dd-ix",
        "repo": "post",
        "rev": "7bb3c3017c3bb51cab7ee5e6c267c618e60e54df",
        "type": "github"
      },
      "original": {
        "owner": "dd-ix",
        "repo": "post",
        "type": "github"
      }
    },
    "pyproject-build-systems": {
      "inputs": {
        "nixpkgs": [
          "authentik",
          "nixpkgs"
        ],
        "pyproject-nix": [
          "authentik",
          "pyproject-nix"
        ],
        "uv2nix": [
          "authentik",
          "uv2nix"
        ]
      },
      "locked": {
        "lastModified": 1757296493,
        "narHash": "sha256-6nzSZl28IwH2Vx8YSmd3t6TREHpDbKlDPK+dq1LKIZQ=",
        "owner": "pyproject-nix",
        "repo": "build-system-pkgs",
        "rev": "5b8e37fe0077db5c1df3a5ee90a651345f085d38",
        "type": "github"
      },
      "original": {
        "owner": "pyproject-nix",
        "repo": "build-system-pkgs",
        "type": "github"
      }
    },
    "pyproject-nix": {
      "inputs": {
        "nixpkgs": [
          "authentik",
          "nixpkgs"
        ]
      },
      "locked": {
        "lastModified": 1757246327,
        "narHash": "sha256-6pNlGhwOIMfhe/RLjHdpXveKS4FyLHvlGe+KtjDild4=",
        "owner": "pyproject-nix",
        "repo": "pyproject.nix",
        "rev": "8d77f342d66ad1601cdb9d97e9388b69f64d4c8e",
        "type": "github"
      },
      "original": {
        "owner": "pyproject-nix",
        "repo": "pyproject.nix",
        "type": "github"
      }
    },
    "root": {
      "inputs": {
        "alice-lg": "alice-lg",
        "authentik": "authentik",
        "ddix-ansible-ixp": "ddix-ansible-ixp",
        "flake-utils": "flake-utils",
        "ixp-manager": "ixp-manager",
        "microvm": "microvm",
        "nixos-modules": "nixos-modules",
        "nixpkgs": "nixpkgs",
        "post": "post",
        "sflow-exporter": "sflow-exporter",
        "sops-nix": "sops-nix",
        "website": "website",
        "website-content": "website-content",
        "website-content-api": "website-content-api"
      }
    },
    "sflow-exporter": {
      "inputs": {
        "flake-utils": [
          "flake-utils"
        ],
        "nixpkgs": [
          "nixpkgs"
        ]
      },
      "locked": {
        "lastModified": 1757766554,
        "narHash": "sha256-XO0HjZx7QWf1dvyec6FZer/d3e0NGf0sDNZhrUyaYXM=",
        "owner": "dd-ix",
        "repo": "sflow_exporter",
        "rev": "bda76bd9ebac24b13e1a8f1a97651ac8710fbf47",
        "type": "github"
      },
      "original": {
        "owner": "dd-ix",
        "repo": "sflow_exporter",
        "type": "github"
      }
    },
    "sops-nix": {
      "inputs": {
        "nixpkgs": [
          "nixpkgs"
        ]
      },
      "locked": {
        "lastModified": 1758425756,
        "narHash": "sha256-L3N8zV6wsViXiD8i3WFyrvjDdz76g3tXKEdZ4FkgQ+Y=",
        "owner": "mic92",
        "repo": "sops-nix",
        "rev": "e0fdaea3c31646e252a60b42d0ed8eafdb289762",
        "type": "github"
      },
      "original": {
        "owner": "mic92",
        "repo": "sops-nix",
        "type": "github"
      }
    },
    "spectrum": {
      "flake": false,
      "locked": {
        "lastModified": 1754675037,
        "narHash": "sha256-afS08F7lfMUBR4qrBxinN1kuxu+DoHQ5TPNVp9VS/OA=",
        "ref": "refs/heads/main",
        "rev": "586577f3015397afacd83bc185454f4cc3c8028f",
        "revCount": 955,
        "type": "git",
        "url": "https://spectrum-os.org/git/spectrum"
      },
      "original": {
        "type": "git",
        "url": "https://spectrum-os.org/git/spectrum"
      }
    },
    "systems": {
      "locked": {
        "lastModified": 1689347949,
        "narHash": "sha256-12tWmuL2zgBgZkdoB6qXZsgJEH9LR3oUgpaQq2RbI80=",
        "owner": "nix-systems",
        "repo": "default-linux",
        "rev": "31732fcf5e8fea42e59c2488ad31a0e651500f68",
        "type": "github"
      },
      "original": {
        "owner": "nix-systems",
        "repo": "default-linux",
        "type": "github"
      }
    },
    "systems_2": {
      "locked": {
        "lastModified": 1681028828,
        "narHash": "sha256-Vy1rq5AaRuLzOxct8nz4T6wlgyUR7zLU309k9mBC768=",
        "owner": "nix-systems",
        "repo": "default",
        "rev": "da67096a3b9bf56a91d16901293e51ba5b49a27e",
        "type": "github"
      },
      "original": {
        "owner": "nix-systems",
        "repo": "default",
        "type": "github"
      }
    },
    "uv2nix": {
      "inputs": {
        "nixpkgs": [
          "authentik",
          "nixpkgs"
        ],
        "pyproject-nix": [
          "authentik",
          "pyproject-nix"
        ]
      },
      "locked": {
        "lastModified": 1757925761,
        "narHash": "sha256-7Hwz0vfHuFqCo5v7Q07GQgLBWuPvZCuf/5/pk4NoADg=",
        "owner": "pyproject-nix",
        "repo": "uv2nix",
        "rev": "780494c40895bb7419a73d942bee326291e80b3b",
        "type": "github"
      },
      "original": {
        "owner": "pyproject-nix",
        "repo": "uv2nix",
        "type": "github"
      }
    },
    "website": {
      "inputs": {
        "flake-utils": [
          "flake-utils"
        ],
        "nixpkgs": [
          "nixpkgs"
        ]
      },
      "locked": {
        "lastModified": 1758732096,
        "narHash": "sha256-bRAAgYQ/ACTX3NR7xuv1yWTvfQDMp9GipoGexIGAgF8=",
        "owner": "dd-ix",
        "repo": "website",
        "rev": "7f39a88889a72d08a465675e2f5a29327f3b1c50",
        "type": "github"
      },
      "original": {
        "owner": "dd-ix",
        "repo": "website",
        "type": "github"
      }
    },
    "website-content": {
      "flake": false,
      "locked": {
        "lastModified": 1758619937,
        "narHash": "sha256-FjUAnZn3aXlFzSjrptTLciIS4srArw/YiU/rmwQkdiA=",
        "owner": "dd-ix",
        "repo": "website-content",
        "rev": "88ed607e1fbf267e4629775817828d59cca341cd",
        "type": "github"
      },
      "original": {
        "owner": "dd-ix",
        "repo": "website-content",
        "type": "github"
      }
    },
    "website-content-api": {
      "inputs": {
        "flake-utils": [
          "flake-utils"
        ],
        "nixpkgs": [
          "nixpkgs"
        ]
      },
      "locked": {
        "lastModified": 1755030440,
        "narHash": "sha256-wQucz9SLLWH5rEG4VNAbS6OBVi1A5ftoe7SgKdPKzQM=",
        "owner": "dd-ix",
        "repo": "website-content-api",
        "rev": "059f5c15fb2cbbfe6c56e391d692b36c85a4b799",
        "type": "github"
      },
      "original": {
        "owner": "dd-ix",
        "repo": "website-content-api",
        "type": "github"
      }
    }
  },
  "root": "root",
  "version": 7
}
